
Microsoft Visual Studio Solution File, Format Version 12.00
# Visual Studio Version 17
VisualStudioVersion = 17.14.36518.9
MinimumVisualStudioVersion = 10.0.40219.1
Project("{2150E333-8FDC-42A3-9474-1A3956D46DE8}") = "Task0", "Task0", "{02EA681E-C7D8-13C7-8484-4AC65E1B71E8}"
EndProject
Project("{FAE04EC0-301F-11D3-BF4B-00C04F79EFBC}") = "Tyuiu.RadchenkoAV.Sprint2.Task0.V25", "Tyuiu.RadchenkoAV.Sprint2.Task0.V25\Tyuiu.RadchenkoAV.Sprint2.Task0.V25.csproj", "{A1C7C825-090E-422F-AE93-4443530F8DBA}"
EndProject
Project("{FAE04EC0-301F-11D3-BF4B-00C04F79EFBC}") = "Tyuiu.RadchenkoAV.Sprint2.Task0.V25.Lib", "Tyuiu.RadchenkoAV.Sprint2.Task0.V25.Lib\Tyuiu.RadchenkoAV.Sprint2.Task0.V25.Lib.csproj", "{31000191-C174-45C5-8D21-5E88A63C3D45}"
EndProject
Project("{FAE04EC0-301F-11D3-BF4B-00C04F79EFBC}") = "Tyuiu.RadchenkoAV.Sprint2.Task0.V25.Test", "Tyuiu.RadchenkoAV.Sprint2.Task0.V25.Test\Tyuiu.RadchenkoAV.Sprint2.Task0.V25.Test.csproj", "{9B843A70-3B44-45EB-9FE3-FCE6F772C1C6}"
EndProject
Project("{2150E333-8FDC-42A3-9474-1A3956D46DE8}") = "Task1", "Task1", "{8ADD06EE-04AB-44D7-B8D9-28850A74BCE6}"
EndProject
Project("{FAE04EC0-301F-11D3-BF4B-00C04F79EFBC}") = "Tyuiu.RadchenkoAV.Sprint2.Task1.V21", "Tyuiu.RadchenkoAV.Sprint2.Task1.V21\Tyuiu.RadchenkoAV.Sprint2.Task1.V21.csproj", "{B1EDB4B7-8A5F-4A1B-B70D-C34743F40B83}"
EndProject
Project("{FAE04EC0-301F-11D3-BF4B-00C04F79EFBC}") = "Tyuiu.RadchenkoAV.Sprint2.Task1.V21.Lib", "Tyuiu.RadchenkoAV.Sprint2.Task1.V21.Lib\Tyuiu.RadchenkoAV.Sprint2.Task1.V21.Lib.csproj", "{11BDD0F8-A1DE-45F9-BF47-FE7C3CE7D3F8}"
EndProject
Project("{FAE04EC0-301F-11D3-BF4B-00C04F79EFBC}") = "Tyuiu.RadchenkoAV.Sprint2.Task1.V21.Test", "Tyuiu.RadchenkoAV.Sprint2.Task1.V21.Test\Tyuiu.RadchenkoAV.Sprint2.Task1.V21.Test.csproj", "{508AE54E-81DE-4E76-BC4C-57634EBA640F}"
EndProject
Project("{2150E333-8FDC-42A3-9474-1A3956D46DE8}") = "Task2", "Task2", "{C72B4FC8-CBC6-4994-9AAE-DC00583C8599}"
EndProject
Project("{FAE04EC0-301F-11D3-BF4B-00C04F79EFBC}") = "Tyuiu.RadchenkoAV.Sprint2.Task2.V27", "Tyuiu.RadchenkoAV.Sprint2.Task2.V27\Tyuiu.RadchenkoAV.Sprint2.Task2.V27.csproj", "{B4E4DB73-6DDE-4808-B362-D0E372920B8A}"
EndProject
Project("{FAE04EC0-301F-11D3-BF4B-00C04F79EFBC}") = "Tyuiu.RadchenkoAV.Sprint2.Task2.V27.Lib", "Tyuiu.RadchenkoAV.Sprint2.Task2.V27.Lib\Tyuiu.RadchenkoAV.Sprint2.Task2.V27.Lib.csproj", "{181F31E7-6A84-4C53-A21C-D650CC726596}"
EndProject
Project("{FAE04EC0-301F-11D3-BF4B-00C04F79EFBC}") = "Tyuiu.RadchenkoAV.Sprint2.Task2.V27.Test", "Tyuiu.RadchenkoAV.Sprint2.Task2.V27.Test\Tyuiu.RadchenkoAV.Sprint2.Task2.V27.Test.csproj", "{AAD5EC17-F8F9-4DE7-BAD5-945B28E1229D}"
EndProject
Project("{2150E333-8FDC-42A3-9474-1A3956D46DE8}") = "Task3", "Task3", "{E3046A8E-481B-4E66-9FB0-5413599C02FC}"
EndProject
Project("{FAE04EC0-301F-11D3-BF4B-00C04F79EFBC}") = "Tyuiu.RadchenkoAV.Sprint2.Task3.V13", "Tyuiu.RadchenkoAV.Sprint2.Task3.V13\Tyuiu.RadchenkoAV.Sprint2.Task3.V13.csproj", "{FF855287-5426-444C-B96D-2C617EB49668}"
EndProject
Project("{FAE04EC0-301F-11D3-BF4B-00C04F79EFBC}") = "Tyuiu.RadchenkoAV.Sprint2.Task3.V13.Lib", "Tyuiu.RadchenkoAV.Sprint2.Task3.V13.Lib\Tyuiu.RadchenkoAV.Sprint2.Task3.V13.Lib.csproj", "{E50CD082-EF3E-4B68-801F-2852806A3BFC}"
EndProject
Project("{FAE04EC0-301F-11D3-BF4B-00C04F79EFBC}") = "Tyuiu.RadchenkoAV.Sprint2.Task3.V13.Test", "Tyuiu.RadchenkoAV.Sprint2.Task3.V13.Test\Tyuiu.RadchenkoAV.Sprint2.Task3.V13.Test.csproj", "{0F074FB0-4874-42FE-B2D5-AA41AEABB763}"
EndProject
Project("{2150E333-8FDC-42A3-9474-1A3956D46DE8}") = "Task4", "Task4", "{17954747-08E8-4422-9748-19FAA18B3714}"
EndProject
Project("{FAE04EC0-301F-11D3-BF4B-00C04F79EFBC}") = "Tyuiu.RadchenkoAV.Sprint2.Task4.V19", "Tyuiu.RadchenkoAV.Sprint2.Task4.V19\Tyuiu.RadchenkoAV.Sprint2.Task4.V19.csproj", "{CC31F701-9EED-47D6-944E-998F95CCFEFA}"
EndProject
Project("{FAE04EC0-301F-11D3-BF4B-00C04F79EFBC}") = "Tyuiu.RadchenkoAV.Sprint2.Task4.V19.Lib", "Tyuiu.RadchenkoAV.Sprint2.Task4.V19.Lib\Tyuiu.RadchenkoAV.Sprint2.Task4.V19.Lib.csproj", "{EDFE5EFF-F84C-420F-822E-E8BC1AD6AE3C}"
EndProject
Project("{FAE04EC0-301F-11D3-BF4B-00C04F79EFBC}") = "Tyuiu.RadchenkoAV.Sprint2.Task4.V19.Test", "Tyuiu.RadchenkoAV.Sprint2.Task4.V19.Test\Tyuiu.RadchenkoAV.Sprint2.Task4.V19.Test.csproj", "{77CB2A47-2867-43D4-8D4E-E9E955E140BB}"
EndProject
Global
	GlobalSection(SolutionConfigurationPlatforms) = preSolution
		Debug|Any CPU = Debug|Any CPU
		Release|Any CPU = Release|Any CPU
	EndGlobalSection
	GlobalSection(ProjectConfigurationPlatforms) = postSolution
		{A1C7C825-090E-422F-AE93-4443530F8DBA}.Debug|Any CPU.ActiveCfg = Debug|Any CPU
		{A1C7C825-090E-422F-AE93-4443530F8DBA}.Debug|Any CPU.Build.0 = Debug|Any CPU
		{A1C7C825-090E-422F-AE93-4443530F8DBA}.Release|Any CPU.ActiveCfg = Release|Any CPU
		{A1C7C825-090E-422F-AE93-4443530F8DBA}.Release|Any CPU.Build.0 = Release|Any CPU
		{31000191-C174-45C5-8D21-5E88A63C3D45}.Debug|Any CPU.ActiveCfg = Debug|Any CPU
		{31000191-C174-45C5-8D21-5E88A63C3D45}.Debug|Any CPU.Build.0 = Debug|Any CPU
		{31000191-C174-45C5-8D21-5E88A63C3D45}.Release|Any CPU.ActiveCfg = Release|Any CPU
		{31000191-C174-45C5-8D21-5E88A63C3D45}.Release|Any CPU.Build.0 = Release|Any CPU
		{9B843A70-3B44-45EB-9FE3-FCE6F772C1C6}.Debug|Any CPU.ActiveCfg = Debug|Any CPU
		{9B843A70-3B44-45EB-9FE3-FCE6F772C1C6}.Debug|Any CPU.Build.0 = Debug|Any CPU
		{9B843A70-3B44-45EB-9FE3-FCE6F772C1C6}.Release|Any CPU.ActiveCfg = Release|Any CPU
		{9B843A70-3B44-45EB-9FE3-FCE6F772C1C6}.Release|Any CPU.Build.0 = Release|Any CPU
		{B1EDB4B7-8A5F-4A1B-B70D-C34743F40B83}.Debug|Any CPU.ActiveCfg = Debug|Any CPU
		{B1EDB4B7-8A5F-4A1B-B70D-C34743F40B83}.Debug|Any CPU.Build.0 = Debug|Any CPU
		{B1EDB4B7-8A5F-4A1B-B70D-C34743F40B83}.Release|Any CPU.ActiveCfg = Release|Any CPU
		{B1EDB4B7-8A5F-4A1B-B70D-C34743F40B83}.Release|Any CPU.Build.0 = Release|Any CPU
		{11BDD0F8-A1DE-45F9-BF47-FE7C3CE7D3F8}.Debug|Any CPU.ActiveCfg = Debug|Any CPU
		{11BDD0F8-A1DE-45F9-BF47-FE7C3CE7D3F8}.Debug|Any CPU.Build.0 = Debug|Any CPU
		{11BDD0F8-A1DE-45F9-BF47-FE7C3CE7D3F8}.Release|Any CPU.ActiveCfg = Release|Any CPU
		{11BDD0F8-A1DE-45F9-BF47-FE7C3CE7D3F8}.Release|Any CPU.Build.0 = Release|Any CPU
		{508AE54E-81DE-4E76-BC4C-57634EBA640F}.Debug|Any CPU.ActiveCfg = Debug|Any CPU
		{508AE54E-81DE-4E76-BC4C-57634EBA640F}.Debug|Any CPU.Build.0 = Debug|Any CPU
		{508AE54E-81DE-4E76-BC4C-57634EBA640F}.Release|Any CPU.ActiveCfg = Release|Any CPU
		{508AE54E-81DE-4E76-BC4C-57634EBA640F}.Release|Any CPU.Build.0 = Release|Any CPU
		{B4E4DB73-6DDE-4808-B362-D0E372920B8A}.Debug|Any CPU.ActiveCfg = Debug|Any CPU
		{B4E4DB73-6DDE-4808-B362-D0E372920B8A}.Debug|Any CPU.Build.0 = Debug|Any CPU
		{B4E4DB73-6DDE-4808-B362-D0E372920B8A}.Release|Any CPU.ActiveCfg = Release|Any CPU
		{B4E4DB73-6DDE-4808-B362-D0E372920B8A}.Release|Any CPU.Build.0 = Release|Any CPU
		{181F31E7-6A84-4C53-A21C-D650CC726596}.Debug|Any CPU.ActiveCfg = Debug|Any CPU
		{181F31E7-6A84-4C53-A21C-D650CC726596}.Debug|Any CPU.Build.0 = Debug|Any CPU
		{181F31E7-6A84-4C53-A21C-D650CC726596}.Release|Any CPU.ActiveCfg = Release|Any CPU
		{181F31E7-6A84-4C53-A21C-D650CC726596}.Release|Any CPU.Build.0 = Release|Any CPU
		{AAD5EC17-F8F9-4DE7-BAD5-945B28E1229D}.Debug|Any CPU.ActiveCfg = Debug|Any CPU
		{AAD5EC17-F8F9-4DE7-BAD5-945B28E1229D}.Debug|Any CPU.Build.0 = Debug|Any CPU
		{AAD5EC17-F8F9-4DE7-BAD5-945B28E1229D}.Release|Any CPU.ActiveCfg = Release|Any CPU
		{AAD5EC17-F8F9-4DE7-BAD5-945B28E1229D}.Release|Any CPU.Build.0 = Release|Any CPU
		{FF855287-5426-444C-B96D-2C617EB49668}.Debug|Any CPU.ActiveCfg = Debug|Any CPU
		{FF855287-5426-444C-B96D-2C617EB49668}.Debug|Any CPU.Build.0 = Debug|Any CPU
		{FF855287-5426-444C-B96D-2C617EB49668}.Release|Any CPU.ActiveCfg = Release|Any CPU
		{FF855287-5426-444C-B96D-2C617EB49668}.Release|Any CPU.Build.0 = Release|Any CPU
		{E50CD082-EF3E-4B68-801F-2852806A3BFC}.Debug|Any CPU.ActiveCfg = Debug|Any CPU
		{E50CD082-EF3E-4B68-801F-2852806A3BFC}.Debug|Any CPU.Build.0 = Debug|Any CPU
		{E50CD082-EF3E-4B68-801F-2852806A3BFC}.Release|Any CPU.ActiveCfg = Release|Any CPU
		{E50CD082-EF3E-4B68-801F-2852806A3BFC}.Release|Any CPU.Build.0 = Release|Any CPU
		{0F074FB0-4874-42FE-B2D5-AA41AEABB763}.Debug|Any CPU.ActiveCfg = Debug|Any CPU
		{0F074FB0-4874-42FE-B2D5-AA41AEABB763}.Debug|Any CPU.Build.0 = Debug|Any CPU
		{0F074FB0-4874-42FE-B2D5-AA41AEABB763}.Release|Any CPU.ActiveCfg = Release|Any CPU
		{0F074FB0-4874-42FE-B2D5-AA41AEABB763}.Release|Any CPU.Build.0 = Release|Any CPU
		{CC31F701-9EED-47D6-944E-998F95CCFEFA}.Debug|Any CPU.ActiveCfg = Debug|Any CPU
		{CC31F701-9EED-47D6-944E-998F95CCFEFA}.Debug|Any CPU.Build.0 = Debug|Any CPU
		{CC31F701-9EED-47D6-944E-998F95CCFEFA}.Release|Any CPU.ActiveCfg = Release|Any CPU
		{CC31F701-9EED-47D6-944E-998F95CCFEFA}.Release|Any CPU.Build.0 = Release|Any CPU
		{EDFE5EFF-F84C-420F-822E-E8BC1AD6AE3C}.Debug|Any CPU.ActiveCfg = Debug|Any CPU
		{EDFE5EFF-F84C-420F-822E-E8BC1AD6AE3C}.Debug|Any CPU.Build.0 = Debug|Any CPU
		{EDFE5EFF-F84C-420F-822E-E8BC1AD6AE3C}.Release|Any CPU.ActiveCfg = Release|Any CPU
		{EDFE5EFF-F84C-420F-822E-E8BC1AD6AE3C}.Release|Any CPU.Build.0 = Release|Any CPU
		{77CB2A47-2867-43D4-8D4E-E9E955E140BB}.Debug|Any CPU.ActiveCfg = Debug|Any CPU
		{77CB2A47-2867-43D4-8D4E-E9E955E140BB}.Debug|Any CPU.Build.0 = Debug|Any CPU
		{77CB2A47-2867-43D4-8D4E-E9E955E140BB}.Release|Any CPU.ActiveCfg = Release|Any CPU
		{77CB2A47-2867-43D4-8D4E-E9E955E140BB}.Release|Any CPU.Build.0 = Release|Any CPU
	EndGlobalSection
	GlobalSection(SolutionProperties) = preSolution
		HideSolutionNode = FALSE
	EndGlobalSection
	GlobalSection(NestedProjects) = preSolution
		{A1C7C825-090E-422F-AE93-4443530F8DBA} = {02EA681E-C7D8-13C7-8484-4AC65E1B71E8}
		{31000191-C174-45C5-8D21-5E88A63C3D45} = {02EA681E-C7D8-13C7-8484-4AC65E1B71E8}
		{9B843A70-3B44-45EB-9FE3-FCE6F772C1C6} = {02EA681E-C7D8-13C7-8484-4AC65E1B71E8}
		{B1EDB4B7-8A5F-4A1B-B70D-C34743F40B83} = {8ADD06EE-04AB-44D7-B8D9-28850A74BCE6}
		{11BDD0F8-A1DE-45F9-BF47-FE7C3CE7D3F8} = {8ADD06EE-04AB-44D7-B8D9-28850A74BCE6}
		{508AE54E-81DE-4E76-BC4C-57634EBA640F} = {8ADD06EE-04AB-44D7-B8D9-28850A74BCE6}
		{B4E4DB73-6DDE-4808-B362-D0E372920B8A} = {C72B4FC8-CBC6-4994-9AAE-DC00583C8599}
		{181F31E7-6A84-4C53-A21C-D650CC726596} = {C72B4FC8-CBC6-4994-9AAE-DC00583C8599}
		{AAD5EC17-F8F9-4DE7-BAD5-945B28E1229D} = {C72B4FC8-CBC6-4994-9AAE-DC00583C8599}
		{FF855287-5426-444C-B96D-2C617EB49668} = {E3046A8E-481B-4E66-9FB0-5413599C02FC}
		{E50CD082-EF3E-4B68-801F-2852806A3BFC} = {E3046A8E-481B-4E66-9FB0-5413599C02FC}
		{0F074FB0-4874-42FE-B2D5-AA41AEABB763} = {E3046A8E-481B-4E66-9FB0-5413599C02FC}
		{CC31F701-9EED-47D6-944E-998F95CCFEFA} = {17954747-08E8-4422-9748-19FAA18B3714}
		{EDFE5EFF-F84C-420F-822E-E8BC1AD6AE3C} = {17954747-08E8-4422-9748-19FAA18B3714}
		{77CB2A47-2867-43D4-8D4E-E9E955E140BB} = {17954747-08E8-4422-9748-19FAA18B3714}
	EndGlobalSection
	GlobalSection(ExtensibilityGlobals) = postSolution
		SolutionGuid = {8C22E2DE-EA7C-4411-912A-1F3177F9FE19}
	EndGlobalSection
EndGlobal
